
Microsoft Visual Studio Solution File, Format Version 12.00
# Visual Studio Version 17
VisualStudioVersion = 17.0.32112.339
MinimumVisualStudioVersion = 10.0.40219.1
Project("{FAE04EC0-301F-11D3-BF4B-00C04F79EFBC}") = "ExcelMan", "ExcelMan.csproj", "{B8A1CF63-0C20-43B5-A8DA-0B17A490EFA8}"
EndProject
Project("{FAE04EC0-301F-11D3-BF4B-00C04F79EFBC}") = "ExcelTest", "..\ExcelTest\ExcelTest.csproj", "{A6E7109D-718A-499D-A649-20697F0F5E03}"
EndProject
Global
	GlobalSection(SolutionConfigurationPlatforms) = preSolution
		Debug|Any CPU = Debug|Any CPU
		Release|Any CPU = Release|Any CPU
	EndGlobalSection
	GlobalSection(ProjectConfigurationPlatforms) = postSolution
		{B8A1CF63-0C20-43B5-A8DA-0B17A490EFA8}.Debug|Any CPU.ActiveCfg = Debug|Any CPU
		{B8A1CF63-0C20-43B5-A8DA-0B17A490EFA8}.Debug|Any CPU.Build.0 = Debug|Any CPU
		{B8A1CF63-0C20-43B5-A8DA-0B17A490EFA8}.Release|Any CPU.ActiveCfg = Release|Any CPU
		{B8A1CF63-0C20-43B5-A8DA-0B17A490EFA8}.Release|Any CPU.Build.0 = Release|Any CPU
		{A6E7109D-718A-499D-A649-20697F0F5E03}.Debug|Any CPU.ActiveCfg = Debug|Any CPU
		{A6E7109D-718A-499D-A649-20697F0F5E03}.Debug|Any CPU.Build.0 = Debug|Any CPU
		{A6E7109D-718A-499D-A649-20697F0F5E03}.Release|Any CPU.ActiveCfg = Release|Any CPU
		{A6E7109D-718A-499D-A649-20697F0F5E03}.Release|Any CPU.Build.0 = Release|Any CPU
	EndGlobalSection
	GlobalSection(SolutionProperties) = preSolution
		HideSolutionNode = FALSE
	EndGlobalSection
	GlobalSection(ExtensibilityGlobals) = postSolution
		SolutionGuid = {C91EFB4E-AF4A-4119-A5B4-A1227D79345C}
	EndGlobalSection
EndGlobal
