
Microsoft Visual Studio Solution File, Format Version 12.00
# Visual Studio Version 17
VisualStudioVersion = 17.0.32112.339
MinimumVisualStudioVersion = 10.0.40219.1
Project("{FAE04EC0-301F-11D3-BF4B-00C04F79EFBC}") = "BusStationTest", "..\BusStationTest\BusStationTest.csproj", "{550EDDA2-5EA9-43E3-BA36-90B479A33BDD}"
EndProject
Project("{FAE04EC0-301F-11D3-BF4B-00C04F79EFBC}") = "BusStationWPF", "..\BusStationWPF\BusStationWPF.csproj", "{CC720551-C58F-4BD9-84A0-2CEA82490156}"
EndProject
Global
	GlobalSection(SolutionConfigurationPlatforms) = preSolution
		Debug|Any CPU = Debug|Any CPU
		Release|Any CPU = Release|Any CPU
	EndGlobalSection
	GlobalSection(ProjectConfigurationPlatforms) = postSolution
		{550EDDA2-5EA9-43E3-BA36-90B479A33BDD}.Debug|Any CPU.ActiveCfg = Debug|Any CPU
		{550EDDA2-5EA9-43E3-BA36-90B479A33BDD}.Debug|Any CPU.Build.0 = Debug|Any CPU
		{550EDDA2-5EA9-43E3-BA36-90B479A33BDD}.Release|Any CPU.ActiveCfg = Release|Any CPU
		{550EDDA2-5EA9-43E3-BA36-90B479A33BDD}.Release|Any CPU.Build.0 = Release|Any CPU
		{CC720551-C58F-4BD9-84A0-2CEA82490156}.Debug|Any CPU.ActiveCfg = Debug|Any CPU
		{CC720551-C58F-4BD9-84A0-2CEA82490156}.Debug|Any CPU.Build.0 = Debug|Any CPU
		{CC720551-C58F-4BD9-84A0-2CEA82490156}.Release|Any CPU.ActiveCfg = Release|Any CPU
		{CC720551-C58F-4BD9-84A0-2CEA82490156}.Release|Any CPU.Build.0 = Release|Any CPU
	EndGlobalSection
	GlobalSection(SolutionProperties) = preSolution
		HideSolutionNode = FALSE
	EndGlobalSection
	GlobalSection(ExtensibilityGlobals) = postSolution
		SolutionGuid = {4D791B3C-4C6A-4122-8579-F082460F0A6B}
	EndGlobalSection
EndGlobal
