
Microsoft Visual Studio Solution File, Format Version 12.00
# Visual Studio Version 17
VisualStudioVersion = 17.0.32112.339
MinimumVisualStudioVersion = 10.0.40219.1
Project("{FAE04EC0-301F-11D3-BF4B-00C04F79EFBC}") = "CalculateUnitTest", "CalculateUnitTest.csproj", "{76A8ABD1-7D67-4314-A1C4-B583541A21A2}"
EndProject
Project("{FAE04EC0-301F-11D3-BF4B-00C04F79EFBC}") = "UnitTest", "..\CalculatorUntTest\UnitTest.csproj", "{138EAEEB-291C-41F3-BDE1-D89E86E616C4}"
EndProject
Global
	GlobalSection(SolutionConfigurationPlatforms) = preSolution
		Debug|Any CPU = Debug|Any CPU
		Release|Any CPU = Release|Any CPU
	EndGlobalSection
	GlobalSection(ProjectConfigurationPlatforms) = postSolution
		{76A8ABD1-7D67-4314-A1C4-B583541A21A2}.Debug|Any CPU.ActiveCfg = Debug|Any CPU
		{76A8ABD1-7D67-4314-A1C4-B583541A21A2}.Debug|Any CPU.Build.0 = Debug|Any CPU
		{76A8ABD1-7D67-4314-A1C4-B583541A21A2}.Release|Any CPU.ActiveCfg = Release|Any CPU
		{76A8ABD1-7D67-4314-A1C4-B583541A21A2}.Release|Any CPU.Build.0 = Release|Any CPU
		{138EAEEB-291C-41F3-BDE1-D89E86E616C4}.Debug|Any CPU.ActiveCfg = Debug|Any CPU
		{138EAEEB-291C-41F3-BDE1-D89E86E616C4}.Debug|Any CPU.Build.0 = Debug|Any CPU
		{138EAEEB-291C-41F3-BDE1-D89E86E616C4}.Release|Any CPU.ActiveCfg = Release|Any CPU
		{138EAEEB-291C-41F3-BDE1-D89E86E616C4}.Release|Any CPU.Build.0 = Release|Any CPU
	EndGlobalSection
	GlobalSection(SolutionProperties) = preSolution
		HideSolutionNode = FALSE
	EndGlobalSection
	GlobalSection(ExtensibilityGlobals) = postSolution
		SolutionGuid = {6FD1E5C9-B2FC-4511-AA8D-0E68A1F7AAEC}
	EndGlobalSection
EndGlobal
