
Microsoft Visual Studio Solution File, Format Version 12.00
# Visual Studio Version 17
VisualStudioVersion = 17.0.32112.339
MinimumVisualStudioVersion = 10.0.40219.1
Project("{FAE04EC0-301F-11D3-BF4B-00C04F79EFBC}") = "WpfApp1", "WpfApp1.csproj", "{796DBA94-6F96-4075-A451-228222406584}"
EndProject
Global
	GlobalSection(SolutionConfigurationPlatforms) = preSolution
		Debug|Any CPU = Debug|Any CPU
		Release|Any CPU = Release|Any CPU
	EndGlobalSection
	GlobalSection(ProjectConfigurationPlatforms) = postSolution
		{796DBA94-6F96-4075-A451-228222406584}.Debug|Any CPU.ActiveCfg = Debug|Any CPU
		{796DBA94-6F96-4075-A451-228222406584}.Debug|Any CPU.Build.0 = Debug|Any CPU
		{796DBA94-6F96-4075-A451-228222406584}.Release|Any CPU.ActiveCfg = Release|Any CPU
		{796DBA94-6F96-4075-A451-228222406584}.Release|Any CPU.Build.0 = Release|Any CPU
	EndGlobalSection
	GlobalSection(SolutionProperties) = preSolution
		HideSolutionNode = FALSE
	EndGlobalSection
	GlobalSection(ExtensibilityGlobals) = postSolution
		SolutionGuid = {B9F9021E-87D6-4971-99BD-7E99CF1496DC}
	EndGlobalSection
EndGlobal
