
Microsoft Visual Studio Solution File, Format Version 12.00
# Visual Studio Version 17
VisualStudioVersion = 17.0.32112.339
MinimumVisualStudioVersion = 10.0.40219.1
Project("{FAE04EC0-301F-11D3-BF4B-00C04F79EFBC}") = "WHATEVEVR_API", "WHATEVEVR_API.csproj", "{9F1606E2-7027-4569-A39F-22FAE8C51209}"
EndProject
Global
	GlobalSection(SolutionConfigurationPlatforms) = preSolution
		Debug|Any CPU = Debug|Any CPU
		Release|Any CPU = Release|Any CPU
	EndGlobalSection
	GlobalSection(ProjectConfigurationPlatforms) = postSolution
		{9F1606E2-7027-4569-A39F-22FAE8C51209}.Debug|Any CPU.ActiveCfg = Debug|Any CPU
		{9F1606E2-7027-4569-A39F-22FAE8C51209}.Debug|Any CPU.Build.0 = Debug|Any CPU
		{9F1606E2-7027-4569-A39F-22FAE8C51209}.Release|Any CPU.ActiveCfg = Release|Any CPU
		{9F1606E2-7027-4569-A39F-22FAE8C51209}.Release|Any CPU.Build.0 = Release|Any CPU
	EndGlobalSection
	GlobalSection(SolutionProperties) = preSolution
		HideSolutionNode = FALSE
	EndGlobalSection
	GlobalSection(ExtensibilityGlobals) = postSolution
		SolutionGuid = {60498ECF-A231-49BC-847E-DF4E993C2E6E}
	EndGlobalSection
EndGlobal
